
Microsoft Visual Studio Solution File, Format Version 12.00
# Visual Studio Version 17
VisualStudioVersion = 17.13.35818.85 d17.13
MinimumVisualStudioVersion = 10.0.40219.1
Project("{FAE04EC0-301F-11D3-BF4B-00C04F79EFBC}") = "TheLoadingBeanAPI", "TheLoadingBeanAPI.csproj", "{BF94FBD9-F776-49E8-90A2-5D31166C1AF5}"
EndProject
Global
	GlobalSection(SolutionConfigurationPlatforms) = preSolution
		Debug|Any CPU = Debug|Any CPU
		Release|Any CPU = Release|Any CPU
	EndGlobalSection
	GlobalSection(ProjectConfigurationPlatforms) = postSolution
		{BF94FBD9-F776-49E8-90A2-5D31166C1AF5}.Debug|Any CPU.ActiveCfg = Debug|Any CPU
		{BF94FBD9-F776-49E8-90A2-5D31166C1AF5}.Debug|Any CPU.Build.0 = Debug|Any CPU
		{BF94FBD9-F776-49E8-90A2-5D31166C1AF5}.Release|Any CPU.ActiveCfg = Release|Any CPU
		{BF94FBD9-F776-49E8-90A2-5D31166C1AF5}.Release|Any CPU.Build.0 = Release|Any CPU
	EndGlobalSection
	GlobalSection(SolutionProperties) = preSolution
		HideSolutionNode = FALSE
	EndGlobalSection
	GlobalSection(ExtensibilityGlobals) = postSolution
		SolutionGuid = {8AFC50E3-E82D-4CDF-9FFB-D47AB948C90E}
	EndGlobalSection
EndGlobal
